
Microsoft Visual Studio Solution File, Format Version 12.00
# Visual Studio Version 16
VisualStudioVersion = 16.0.33130.400
MinimumVisualStudioVersion = 10.0.40219.1
Project("{FAE04EC0-301F-11D3-BF4B-00C04F79EFBC}") = "WrdList", "WrdList\WrdList.csproj", "{A96D379C-6728-43F6-BDD1-266E0020DF8D}"
EndProject
Global
	GlobalSection(SolutionConfigurationPlatforms) = preSolution
		Debug|Any CPU = Debug|Any CPU
		Release|Any CPU = Release|Any CPU
	EndGlobalSection
	GlobalSection(ProjectConfigurationPlatforms) = postSolution
		{A96D379C-6728-43F6-BDD1-266E0020DF8D}.Debug|Any CPU.ActiveCfg = Debug|Any CPU
		{A96D379C-6728-43F6-BDD1-266E0020DF8D}.Debug|Any CPU.Build.0 = Debug|Any CPU
		{A96D379C-6728-43F6-BDD1-266E0020DF8D}.Release|Any CPU.ActiveCfg = Release|Any CPU
		{A96D379C-6728-43F6-BDD1-266E0020DF8D}.Release|Any CPU.Build.0 = Release|Any CPU
	EndGlobalSection
	GlobalSection(SolutionProperties) = preSolution
		HideSolutionNode = FALSE
	EndGlobalSection
	GlobalSection(ExtensibilityGlobals) = postSolution
		SolutionGuid = {C9F6357B-1954-4589-AF77-89875300F01D}
	EndGlobalSection
EndGlobal
